
Microsoft Visual Studio Solution File, Format Version 12.00
# Visual Studio Version 16
VisualStudioVersion = 16.0.30804.86
MinimumVisualStudioVersion = 10.0.40219.1
Project("{FAE04EC0-301F-11D3-BF4B-00C04F79EFBC}") = "SeparateSourceControlPractice", "SeparateSourceControlPractice\SeparateSourceControlPractice.csproj", "{1B6D56A7-BA7B-4667-B48D-049FD6AF528B}"
EndProject
Global
	GlobalSection(SolutionConfigurationPlatforms) = preSolution
		Debug|Any CPU = Debug|Any CPU
		Release|Any CPU = Release|Any CPU
	EndGlobalSection
	GlobalSection(ProjectConfigurationPlatforms) = postSolution
		{1B6D56A7-BA7B-4667-B48D-049FD6AF528B}.Debug|Any CPU.ActiveCfg = Debug|Any CPU
		{1B6D56A7-BA7B-4667-B48D-049FD6AF528B}.Debug|Any CPU.Build.0 = Debug|Any CPU
		{1B6D56A7-BA7B-4667-B48D-049FD6AF528B}.Release|Any CPU.ActiveCfg = Release|Any CPU
		{1B6D56A7-BA7B-4667-B48D-049FD6AF528B}.Release|Any CPU.Build.0 = Release|Any CPU
	EndGlobalSection
	GlobalSection(SolutionProperties) = preSolution
		HideSolutionNode = FALSE
	EndGlobalSection
	GlobalSection(ExtensibilityGlobals) = postSolution
		SolutionGuid = {4DF70D10-6E47-4F39-ADBF-D7B228BD5B83}
	EndGlobalSection
EndGlobal
